
Microsoft Visual Studio Solution File, Format Version 12.00
# Visual Studio 15
VisualStudioVersion = 15.0.28307.1738
MinimumVisualStudioVersion = 10.0.40219.1
Project("{FAE04EC0-301F-11D3-BF4B-00C04F79EFBC}") = "CRUDApplication", "CRUDApplication\CRUDApplication.csproj", "{8558FF17-D6A3-46E4-94DB-3192D36D22CE}"
EndProject
Global
	GlobalSection(SolutionConfigurationPlatforms) = preSolution
		Debug|Any CPU = Debug|Any CPU
		Release|Any CPU = Release|Any CPU
	EndGlobalSection
	GlobalSection(ProjectConfigurationPlatforms) = postSolution
		{8558FF17-D6A3-46E4-94DB-3192D36D22CE}.Debug|Any CPU.ActiveCfg = Debug|Any CPU
		{8558FF17-D6A3-46E4-94DB-3192D36D22CE}.Debug|Any CPU.Build.0 = Debug|Any CPU
		{8558FF17-D6A3-46E4-94DB-3192D36D22CE}.Release|Any CPU.ActiveCfg = Release|Any CPU
		{8558FF17-D6A3-46E4-94DB-3192D36D22CE}.Release|Any CPU.Build.0 = Release|Any CPU
	EndGlobalSection
	GlobalSection(SolutionProperties) = preSolution
		HideSolutionNode = FALSE
	EndGlobalSection
	GlobalSection(ExtensibilityGlobals) = postSolution
		SolutionGuid = {E656DBDA-8559-44B9-821C-AB28AA592B76}
	EndGlobalSection
EndGlobal
